
Microsoft Visual Studio Solution File, Format Version 12.00
# Visual Studio 15
VisualStudioVersion = 15.0.26730.15
MinimumVisualStudioVersion = 10.0.40219.1
Project("{FAE04EC0-301F-11D3-BF4B-00C04F79EFBC}") = "RestWCFCustomer", "RestWCFCustomer\RestWCFCustomer.csproj", "{CFEDD201-8484-4645-8202-63965F731754}"
EndProject
Project("{FAE04EC0-301F-11D3-BF4B-00C04F79EFBC}") = "RestWCFCustomerTests", "RestWCFCustomerTests\RestWCFCustomerTests.csproj", "{2C85BCC2-7D1A-488E-93C0-76F055261FD8}"
EndProject
Global
	GlobalSection(SolutionConfigurationPlatforms) = preSolution
		Debug|Any CPU = Debug|Any CPU
		Release|Any CPU = Release|Any CPU
	EndGlobalSection
	GlobalSection(ProjectConfigurationPlatforms) = postSolution
		{CFEDD201-8484-4645-8202-63965F731754}.Debug|Any CPU.ActiveCfg = Debug|Any CPU
		{CFEDD201-8484-4645-8202-63965F731754}.Debug|Any CPU.Build.0 = Debug|Any CPU
		{CFEDD201-8484-4645-8202-63965F731754}.Release|Any CPU.ActiveCfg = Release|Any CPU
		{CFEDD201-8484-4645-8202-63965F731754}.Release|Any CPU.Build.0 = Release|Any CPU
		{2C85BCC2-7D1A-488E-93C0-76F055261FD8}.Debug|Any CPU.ActiveCfg = Debug|Any CPU
		{2C85BCC2-7D1A-488E-93C0-76F055261FD8}.Debug|Any CPU.Build.0 = Debug|Any CPU
		{2C85BCC2-7D1A-488E-93C0-76F055261FD8}.Release|Any CPU.ActiveCfg = Release|Any CPU
		{2C85BCC2-7D1A-488E-93C0-76F055261FD8}.Release|Any CPU.Build.0 = Release|Any CPU
	EndGlobalSection
	GlobalSection(SolutionProperties) = preSolution
		HideSolutionNode = FALSE
	EndGlobalSection
	GlobalSection(ExtensibilityGlobals) = postSolution
		SolutionGuid = {63CD1F25-ABAB-49E0-8C07-FCE40466811C}
	EndGlobalSection
EndGlobal
